
Microsoft Visual Studio Solution File, Format Version 12.00
# Visual Studio 2012
Project("{888888A0-9F3D-457C-B088-3A5042F75D52}") = "QueueVisualizer", "QueueVisualizer\QueueVisualizer.pyproj", "{A42AB9B2-89D6-44DF-9BD0-65A48A972D1D}"
EndProject
Project("{FAE04EC0-301F-11D3-BF4B-00C04F79EFBC}") = "QueueVisualizer.ClientConsole", "QueueVisualizer.ClientConsole\QueueVisualizer.ClientConsole.csproj", "{14ECDD90-CEF8-4FC9-8F1D-C7B6436A9E2A}"
EndProject
Project("{FAE04EC0-301F-11D3-BF4B-00C04F79EFBC}") = "QueueVisualizer.HostConsole", "QueueVisualizer.HostConsole\QueueVisualizer.HostConsole.csproj", "{7A6DC024-84EB-4E25-A60B-B81C7131E87A}"
EndProject
Project("{FAE04EC0-301F-11D3-BF4B-00C04F79EFBC}") = "QueueVisualizer.SoapService", "QueueVisualizer.SoapService\QueueVisualizer.SoapService.csproj", "{15B3E0D2-6217-493A-A690-158C497F5318}"
EndProject
Global
	GlobalSection(SolutionConfigurationPlatforms) = preSolution
		Debug|Any CPU = Debug|Any CPU
		Release|Any CPU = Release|Any CPU
	EndGlobalSection
	GlobalSection(ProjectConfigurationPlatforms) = postSolution
		{A42AB9B2-89D6-44DF-9BD0-65A48A972D1D}.Debug|Any CPU.ActiveCfg = Debug|Any CPU
		{A42AB9B2-89D6-44DF-9BD0-65A48A972D1D}.Debug|Any CPU.Build.0 = Debug|Any CPU
		{A42AB9B2-89D6-44DF-9BD0-65A48A972D1D}.Release|Any CPU.ActiveCfg = Release|Any CPU
		{A42AB9B2-89D6-44DF-9BD0-65A48A972D1D}.Release|Any CPU.Build.0 = Release|Any CPU
		{14ECDD90-CEF8-4FC9-8F1D-C7B6436A9E2A}.Debug|Any CPU.ActiveCfg = Debug|Any CPU
		{14ECDD90-CEF8-4FC9-8F1D-C7B6436A9E2A}.Debug|Any CPU.Build.0 = Debug|Any CPU
		{14ECDD90-CEF8-4FC9-8F1D-C7B6436A9E2A}.Release|Any CPU.ActiveCfg = Release|Any CPU
		{14ECDD90-CEF8-4FC9-8F1D-C7B6436A9E2A}.Release|Any CPU.Build.0 = Release|Any CPU
		{7A6DC024-84EB-4E25-A60B-B81C7131E87A}.Debug|Any CPU.ActiveCfg = Debug|Any CPU
		{7A6DC024-84EB-4E25-A60B-B81C7131E87A}.Debug|Any CPU.Build.0 = Debug|Any CPU
		{7A6DC024-84EB-4E25-A60B-B81C7131E87A}.Release|Any CPU.ActiveCfg = Release|Any CPU
		{7A6DC024-84EB-4E25-A60B-B81C7131E87A}.Release|Any CPU.Build.0 = Release|Any CPU
		{15B3E0D2-6217-493A-A690-158C497F5318}.Debug|Any CPU.ActiveCfg = Debug|Any CPU
		{15B3E0D2-6217-493A-A690-158C497F5318}.Debug|Any CPU.Build.0 = Debug|Any CPU
		{15B3E0D2-6217-493A-A690-158C497F5318}.Release|Any CPU.ActiveCfg = Release|Any CPU
		{15B3E0D2-6217-493A-A690-158C497F5318}.Release|Any CPU.Build.0 = Release|Any CPU
	EndGlobalSection
	GlobalSection(SolutionProperties) = preSolution
		HideSolutionNode = FALSE
	EndGlobalSection
EndGlobal
